// !$*UTF8*$!
{
	archiveVersion = 1;
	classes = {
	};
	objectVersion = 55;
	objects = {

/* Begin PBXBuildFile section */
		D05F3671286BDBC80048861C /* AppDelegate.swift in Sources */ = {isa = PBXBuildFile; fileRef = D05F3670286BDBC80048861C /* AppDelegate.swift */; };
		D05F3673286BDBC80048861C /* SceneDelegate.swift in Sources */ = {isa = PBXBuildFile; fileRef = D05F3672286BDBC80048861C /* SceneDelegate.swift */; };
		D05F3675286BDBC80048861C /* LoginController.swift in Sources */ = {isa = PBXBuildFile; fileRef = D05F3674286BDBC80048861C /* LoginController.swift */; };
		D05F3678286BDBC80048861C /* Main.storyboard in Resources */ = {isa = PBXBuildFile; fileRef = D05F3676286BDBC80048861C /* Main.storyboard */; };
		D05F367A286BDBC90048861C /* Assets.xcassets in Resources */ = {isa = PBXBuildFile; fileRef = D05F3679286BDBC90048861C /* Assets.xcassets */; };
		D05F367D286BDBC90048861C /* LaunchScreen.storyboard in Resources */ = {isa = PBXBuildFile; fileRef = D05F367B286BDBC90048861C /* LaunchScreen.storyboard */; };
		D05F3688286BDBC90048861C /* TriviaGameAppTests.swift in Sources */ = {isa = PBXBuildFile; fileRef = D05F3687286BDBC90048861C /* TriviaGameAppTests.swift */; };
		D05F3692286BDBC90048861C /* TriviaGameAppUITests.swift in Sources */ = {isa = PBXBuildFile; fileRef = D05F3691286BDBC90048861C /* TriviaGameAppUITests.swift */; };
		D05F3694286BDBC90048861C /* TriviaGameAppUITestsLaunchTests.swift in Sources */ = {isa = PBXBuildFile; fileRef = D05F3693286BDBC90048861C /* TriviaGameAppUITestsLaunchTests.swift */; };
		D05F36A2286BE0940048861C /* LoginViewModel.swift in Sources */ = {isa = PBXBuildFile; fileRef = D05F36A1286BE0940048861C /* LoginViewModel.swift */; };
		D05F36A4286BE0AB0048861C /* LoginView.swift in Sources */ = {isa = PBXBuildFile; fileRef = D05F36A3286BE0AB0048861C /* LoginView.swift */; };
		D05F36A7286BE95D0048861C /* ProfilePicView.swift in Sources */ = {isa = PBXBuildFile; fileRef = D05F36A6286BE95D0048861C /* ProfilePicView.swift */; };
		D05F36B0286CEECB0048861C /* UICollectionViewCell+Ext.swift in Sources */ = {isa = PBXBuildFile; fileRef = D05F36AF286CEECB0048861C /* UICollectionViewCell+Ext.swift */; };
		D05F36B9286D232E0048861C /* Colors+Ext.swift in Sources */ = {isa = PBXBuildFile; fileRef = D05F36B8286D232E0048861C /* Colors+Ext.swift */; };
		D05F36BD286D577F0048861C /* ButtonComponent.swift in Sources */ = {isa = PBXBuildFile; fileRef = D05F36BC286D577F0048861C /* ButtonComponent.swift */; };
		D05F36BF286D7F180048861C /* TextFieldComponent.swift in Sources */ = {isa = PBXBuildFile; fileRef = D05F36BE286D7F180048861C /* TextFieldComponent.swift */; };
		D05F36C1286D81820048861C /* RegisterController.swift in Sources */ = {isa = PBXBuildFile; fileRef = D05F36C0286D81820048861C /* RegisterController.swift */; };
		D05F36C32874CD1B0048861C /* RegisterView.swift in Sources */ = {isa = PBXBuildFile; fileRef = D05F36C22874CD1B0048861C /* RegisterView.swift */; };
/* End PBXBuildFile section */

/* Begin PBXContainerItemProxy section */
		D05F3684286BDBC90048861C /* PBXContainerItemProxy */ = {
			isa = PBXContainerItemProxy;
			containerPortal = D05F3665286BDBC80048861C /* Project object */;
			proxyType = 1;
			remoteGlobalIDString = D05F366C286BDBC80048861C;
			remoteInfo = TriviaGameApp;
		};
		D05F368E286BDBC90048861C /* PBXContainerItemProxy */ = {
			isa = PBXContainerItemProxy;
			containerPortal = D05F3665286BDBC80048861C /* Project object */;
			proxyType = 1;
			remoteGlobalIDString = D05F366C286BDBC80048861C;
			remoteInfo = TriviaGameApp;
		};
/* End PBXContainerItemProxy section */

/* Begin PBXFileReference section */
		D05F366D286BDBC80048861C /* TriviaGameApp.app */ = {isa = PBXFileReference; explicitFileType = wrapper.application; includeInIndex = 0; path = TriviaGameApp.app; sourceTree = BUILT_PRODUCTS_DIR; };
		D05F3670286BDBC80048861C /* AppDelegate.swift */ = {isa = PBXFileReference; lastKnownFileType = sourcecode.swift; path = AppDelegate.swift; sourceTree = "<group>"; };
		D05F3672286BDBC80048861C /* SceneDelegate.swift */ = {isa = PBXFileReference; lastKnownFileType = sourcecode.swift; path = SceneDelegate.swift; sourceTree = "<group>"; };
		D05F3674286BDBC80048861C /* LoginController.swift */ = {isa = PBXFileReference; lastKnownFileType = sourcecode.swift; path = LoginController.swift; sourceTree = "<group>"; };
		D05F3677286BDBC80048861C /* Base */ = {isa = PBXFileReference; lastKnownFileType = file.storyboard; name = Base; path = Base.lproj/Main.storyboard; sourceTree = "<group>"; };
		D05F3679286BDBC90048861C /* Assets.xcassets */ = {isa = PBXFileReference; lastKnownFileType = folder.assetcatalog; path = Assets.xcassets; sourceTree = "<group>"; };
		D05F367C286BDBC90048861C /* Base */ = {isa = PBXFileReference; lastKnownFileType = file.storyboard; name = Base; path = Base.lproj/LaunchScreen.storyboard; sourceTree = "<group>"; };
		D05F367E286BDBC90048861C /* Info.plist */ = {isa = PBXFileReference; lastKnownFileType = text.plist.xml; path = Info.plist; sourceTree = "<group>"; };
		D05F3683286BDBC90048861C /* TriviaGameAppTests.xctest */ = {isa = PBXFileReference; explicitFileType = wrapper.cfbundle; includeInIndex = 0; path = TriviaGameAppTests.xctest; sourceTree = BUILT_PRODUCTS_DIR; };
		D05F3687286BDBC90048861C /* TriviaGameAppTests.swift */ = {isa = PBXFileReference; lastKnownFileType = sourcecode.swift; path = TriviaGameAppTests.swift; sourceTree = "<group>"; };
		D05F368D286BDBC90048861C /* TriviaGameAppUITests.xctest */ = {isa = PBXFileReference; explicitFileType = wrapper.cfbundle; includeInIndex = 0; path = TriviaGameAppUITests.xctest; sourceTree = BUILT_PRODUCTS_DIR; };
		D05F3691286BDBC90048861C /* TriviaGameAppUITests.swift */ = {isa = PBXFileReference; lastKnownFileType = sourcecode.swift; path = TriviaGameAppUITests.swift; sourceTree = "<group>"; };
		D05F3693286BDBC90048861C /* TriviaGameAppUITestsLaunchTests.swift */ = {isa = PBXFileReference; lastKnownFileType = sourcecode.swift; path = TriviaGameAppUITestsLaunchTests.swift; sourceTree = "<group>"; };
		D05F36A1286BE0940048861C /* LoginViewModel.swift */ = {isa = PBXFileReference; lastKnownFileType = sourcecode.swift; path = LoginViewModel.swift; sourceTree = "<group>"; };
		D05F36A3286BE0AB0048861C /* LoginView.swift */ = {isa = PBXFileReference; lastKnownFileType = sourcecode.swift; path = LoginView.swift; sourceTree = "<group>"; };
		D05F36A6286BE95D0048861C /* ProfilePicView.swift */ = {isa = PBXFileReference; lastKnownFileType = sourcecode.swift; path = ProfilePicView.swift; sourceTree = "<group>"; };
		D05F36AF286CEECB0048861C /* UICollectionViewCell+Ext.swift */ = {isa = PBXFileReference; lastKnownFileType = sourcecode.swift; path = "UICollectionViewCell+Ext.swift"; sourceTree = "<group>"; };
		D05F36B8286D232E0048861C /* Colors+Ext.swift */ = {isa = PBXFileReference; lastKnownFileType = sourcecode.swift; path = "Colors+Ext.swift"; sourceTree = "<group>"; };
		D05F36BC286D577F0048861C /* ButtonComponent.swift */ = {isa = PBXFileReference; lastKnownFileType = sourcecode.swift; path = ButtonComponent.swift; sourceTree = "<group>"; };
		D05F36BE286D7F180048861C /* TextFieldComponent.swift */ = {isa = PBXFileReference; lastKnownFileType = sourcecode.swift; path = TextFieldComponent.swift; sourceTree = "<group>"; };
		D05F36C0286D81820048861C /* RegisterController.swift */ = {isa = PBXFileReference; lastKnownFileType = sourcecode.swift; path = RegisterController.swift; sourceTree = "<group>"; };
		D05F36C22874CD1B0048861C /* RegisterView.swift */ = {isa = PBXFileReference; lastKnownFileType = sourcecode.swift; path = RegisterView.swift; sourceTree = "<group>"; };
/* End PBXFileReference section */

/* Begin PBXFrameworksBuildPhase section */
		D05F366A286BDBC80048861C /* Frameworks */ = {
			isa = PBXFrameworksBuildPhase;
			buildActionMask = 2147483647;
			files = (
			);
			runOnlyForDeploymentPostprocessing = 0;
		};
		D05F3680286BDBC90048861C /* Frameworks */ = {
			isa = PBXFrameworksBuildPhase;
			buildActionMask = 2147483647;
			files = (
			);
			runOnlyForDeploymentPostprocessing = 0;
		};
		D05F368A286BDBC90048861C /* Frameworks */ = {
			isa = PBXFrameworksBuildPhase;
			buildActionMask = 2147483647;
			files = (
			);
			runOnlyForDeploymentPostprocessing = 0;
		};
/* End PBXFrameworksBuildPhase section */

/* Begin PBXGroup section */
		D05F3664286BDBC80048861C = {
			isa = PBXGroup;
			children = (
				D05F366F286BDBC80048861C /* TriviaGameApp */,
				D05F3686286BDBC90048861C /* TriviaGameAppTests */,
				D05F3690286BDBC90048861C /* TriviaGameAppUITests */,
				D05F366E286BDBC80048861C /* Products */,
			);
			sourceTree = "<group>";
		};
		D05F366E286BDBC80048861C /* Products */ = {
			isa = PBXGroup;
			children = (
				D05F366D286BDBC80048861C /* TriviaGameApp.app */,
				D05F3683286BDBC90048861C /* TriviaGameAppTests.xctest */,
				D05F368D286BDBC90048861C /* TriviaGameAppUITests.xctest */,
			);
			name = Products;
			sourceTree = "<group>";
		};
		D05F366F286BDBC80048861C /* TriviaGameApp */ = {
			isa = PBXGroup;
			children = (
				D05F36AE286CEEA80048861C /* Extensions */,
				D05F36A5286BE9390048861C /* Components */,
				D05F36A0286BE0390048861C /* Authentication */,
				D05F3670286BDBC80048861C /* AppDelegate.swift */,
				D05F3672286BDBC80048861C /* SceneDelegate.swift */,
				D05F3676286BDBC80048861C /* Main.storyboard */,
				D05F3679286BDBC90048861C /* Assets.xcassets */,
				D05F367B286BDBC90048861C /* LaunchScreen.storyboard */,
				D05F367E286BDBC90048861C /* Info.plist */,
			);
			path = TriviaGameApp;
			sourceTree = "<group>";
		};
		D05F3686286BDBC90048861C /* TriviaGameAppTests */ = {
			isa = PBXGroup;
			children = (
				D05F3687286BDBC90048861C /* TriviaGameAppTests.swift */,
			);
			path = TriviaGameAppTests;
			sourceTree = "<group>";
		};
		D05F3690286BDBC90048861C /* TriviaGameAppUITests */ = {
			isa = PBXGroup;
			children = (
				D05F3691286BDBC90048861C /* TriviaGameAppUITests.swift */,
				D05F3693286BDBC90048861C /* TriviaGameAppUITestsLaunchTests.swift */,
			);
			path = TriviaGameAppUITests;
			sourceTree = "<group>";
		};
		D05F36A0286BE0390048861C /* Authentication */ = {
			isa = PBXGroup;
			children = (
				D05F3674286BDBC80048861C /* LoginController.swift */,
				D05F36A1286BE0940048861C /* LoginViewModel.swift */,
				D05F36A3286BE0AB0048861C /* LoginView.swift */,
				D05F36C0286D81820048861C /* RegisterController.swift */,
				D05F36C22874CD1B0048861C /* RegisterView.swift */,
			);
			path = Authentication;
			sourceTree = "<group>";
		};
		D05F36A5286BE9390048861C /* Components */ = {
			isa = PBXGroup;
			children = (
				D05F36A6286BE95D0048861C /* ProfilePicView.swift */,
				D05F36BC286D577F0048861C /* ButtonComponent.swift */,
				D05F36BE286D7F180048861C /* TextFieldComponent.swift */,
			);
			path = Components;
			sourceTree = "<group>";
		};
		D05F36AE286CEEA80048861C /* Extensions */ = {
			isa = PBXGroup;
			children = (
				D05F36AF286CEECB0048861C /* UICollectionViewCell+Ext.swift */,
				D05F36B8286D232E0048861C /* Colors+Ext.swift */,
			);
			path = Extensions;
			sourceTree = "<group>";
		};
/* End PBXGroup section */

/* Begin PBXNativeTarget section */
		D05F366C286BDBC80048861C /* TriviaGameApp */ = {
			isa = PBXNativeTarget;
			buildConfigurationList = D05F3697286BDBC90048861C /* Build configuration list for PBXNativeTarget "TriviaGameApp" */;
			buildPhases = (
				D05F3669286BDBC80048861C /* Sources */,
				D05F366A286BDBC80048861C /* Frameworks */,
				D05F366B286BDBC80048861C /* Resources */,
			);
			buildRules = (
			);
			dependencies = (
			);
			name = TriviaGameApp;
			productName = TriviaGameApp;
			productReference = D05F366D286BDBC80048861C /* TriviaGameApp.app */;
			productType = "com.apple.product-type.application";
		};
		D05F3682286BDBC90048861C /* TriviaGameAppTests */ = {
			isa = PBXNativeTarget;
			buildConfigurationList = D05F369A286BDBC90048861C /* Build configuration list for PBXNativeTarget "TriviaGameAppTests" */;
			buildPhases = (
				D05F367F286BDBC90048861C /* Sources */,
				D05F3680286BDBC90048861C /* Frameworks */,
				D05F3681286BDBC90048861C /* Resources */,
			);
			buildRules = (
			);
			dependencies = (
				D05F3685286BDBC90048861C /* PBXTargetDependency */,
			);
			name = TriviaGameAppTests;
			productName = TriviaGameAppTests;
			productReference = D05F3683286BDBC90048861C /* TriviaGameAppTests.xctest */;
			productType = "com.apple.product-type.bundle.unit-test";
		};
		D05F368C286BDBC90048861C /* TriviaGameAppUITests */ = {
			isa = PBXNativeTarget;
			buildConfigurationList = D05F369D286BDBC90048861C /* Build configuration list for PBXNativeTarget "TriviaGameAppUITests" */;
			buildPhases = (
				D05F3689286BDBC90048861C /* Sources */,
				D05F368A286BDBC90048861C /* Frameworks */,
				D05F368B286BDBC90048861C /* Resources */,
			);
			buildRules = (
			);
			dependencies = (
				D05F368F286BDBC90048861C /* PBXTargetDependency */,
			);
			name = TriviaGameAppUITests;
			productName = TriviaGameAppUITests;
			productReference = D05F368D286BDBC90048861C /* TriviaGameAppUITests.xctest */;
			productType = "com.apple.product-type.bundle.ui-testing";
		};
/* End PBXNativeTarget section */

/* Begin PBXProject section */
		D05F3665286BDBC80048861C /* Project object */ = {
			isa = PBXProject;
			attributes = {
				BuildIndependentTargetsInParallel = 1;
				LastSwiftUpdateCheck = 1330;
				LastUpgradeCheck = 1330;
				TargetAttributes = {
					D05F366C286BDBC80048861C = {
						CreatedOnToolsVersion = 13.3.1;
					};
					D05F3682286BDBC90048861C = {
						CreatedOnToolsVersion = 13.3.1;
						TestTargetID = D05F366C286BDBC80048861C;
					};
					D05F368C286BDBC90048861C = {
						CreatedOnToolsVersion = 13.3.1;
						TestTargetID = D05F366C286BDBC80048861C;
					};
				};
			};
			buildConfigurationList = D05F3668286BDBC80048861C /* Build configuration list for PBXProject "TriviaGameApp" */;
			compatibilityVersion = "Xcode 13.0";
			developmentRegion = en;
			hasScannedForEncodings = 0;
			knownRegions = (
				en,
				Base,
			);
			mainGroup = D05F3664286BDBC80048861C;
			productRefGroup = D05F366E286BDBC80048861C /* Products */;
			projectDirPath = "";
			projectRoot = "";
			targets = (
				D05F366C286BDBC80048861C /* TriviaGameApp */,
				D05F3682286BDBC90048861C /* TriviaGameAppTests */,
				D05F368C286BDBC90048861C /* TriviaGameAppUITests */,
			);
		};
/* End PBXProject section */

/* Begin PBXResourcesBuildPhase section */
		D05F366B286BDBC80048861C /* Resources */ = {
			isa = PBXResourcesBuildPhase;
			buildActionMask = 2147483647;
			files = (
				D05F367D286BDBC90048861C /* LaunchScreen.storyboard in Resources */,
				D05F367A286BDBC90048861C /* Assets.xcassets in Resources */,
				D05F3678286BDBC80048861C /* Main.storyboard in Resources */,
			);
			runOnlyForDeploymentPostprocessing = 0;
		};
		D05F3681286BDBC90048861C /* Resources */ = {
			isa = PBXResourcesBuildPhase;
			buildActionMask = 2147483647;
			files = (
			);
			runOnlyForDeploymentPostprocessing = 0;
		};
		D05F368B286BDBC90048861C /* Resources */ = {
			isa = PBXResourcesBuildPhase;
			buildActionMask = 2147483647;
			files = (
			);
			runOnlyForDeploymentPostprocessing = 0;
		};
/* End PBXResourcesBuildPhase section */

/* Begin PBXSourcesBuildPhase section */
		D05F3669286BDBC80048861C /* Sources */ = {
			isa = PBXSourcesBuildPhase;
			buildActionMask = 2147483647;
			files = (
				D05F36A2286BE0940048861C /* LoginViewModel.swift in Sources */,
				D05F3675286BDBC80048861C /* LoginController.swift in Sources */,
				D05F36C1286D81820048861C /* RegisterController.swift in Sources */,
				D05F3671286BDBC80048861C /* AppDelegate.swift in Sources */,
				D05F36A4286BE0AB0048861C /* LoginView.swift in Sources */,
				D05F3673286BDBC80048861C /* SceneDelegate.swift in Sources */,
				D05F36A7286BE95D0048861C /* ProfilePicView.swift in Sources */,
				D05F36B9286D232E0048861C /* Colors+Ext.swift in Sources */,
				D05F36BD286D577F0048861C /* ButtonComponent.swift in Sources */,
				D05F36C32874CD1B0048861C /* RegisterView.swift in Sources */,
				D05F36BF286D7F180048861C /* TextFieldComponent.swift in Sources */,
				D05F36B0286CEECB0048861C /* UICollectionViewCell+Ext.swift in Sources */,
			);
			runOnlyForDeploymentPostprocessing = 0;
		};
		D05F367F286BDBC90048861C /* Sources */ = {
			isa = PBXSourcesBuildPhase;
			buildActionMask = 2147483647;
			files = (
				D05F3688286BDBC90048861C /* TriviaGameAppTests.swift in Sources */,
			);
			runOnlyForDeploymentPostprocessing = 0;
		};
		D05F3689286BDBC90048861C /* Sources */ = {
			isa = PBXSourcesBuildPhase;
			buildActionMask = 2147483647;
			files = (
				D05F3692286BDBC90048861C /* TriviaGameAppUITests.swift in Sources */,
				D05F3694286BDBC90048861C /* TriviaGameAppUITestsLaunchTests.swift in Sources */,
			);
			runOnlyForDeploymentPostprocessing = 0;
		};
/* End PBXSourcesBuildPhase section */

/* Begin PBXTargetDependency section */
		D05F3685286BDBC90048861C /* PBXTargetDependency */ = {
			isa = PBXTargetDependency;
			target = D05F366C286BDBC80048861C /* TriviaGameApp */;
			targetProxy = D05F3684286BDBC90048861C /* PBXContainerItemProxy */;
		};
		D05F368F286BDBC90048861C /* PBXTargetDependency */ = {
			isa = PBXTargetDependency;
			target = D05F366C286BDBC80048861C /* TriviaGameApp */;
			targetProxy = D05F368E286BDBC90048861C /* PBXContainerItemProxy */;
		};
/* End PBXTargetDependency section */

/* Begin PBXVariantGroup section */
		D05F3676286BDBC80048861C /* Main.storyboard */ = {
			isa = PBXVariantGroup;
			children = (
				D05F3677286BDBC80048861C /* Base */,
			);
			name = Main.storyboard;
			sourceTree = "<group>";
		};
		D05F367B286BDBC90048861C /* LaunchScreen.storyboard */ = {
			isa = PBXVariantGroup;
			children = (
				D05F367C286BDBC90048861C /* Base */,
			);
			name = LaunchScreen.storyboard;
			sourceTree = "<group>";
		};
/* End PBXVariantGroup section */

/* Begin XCBuildConfiguration section */
		D05F3695286BDBC90048861C /* Debug */ = {
			isa = XCBuildConfiguration;
			buildSettings = {
				ALWAYS_SEARCH_USER_PATHS = NO;
				CLANG_ANALYZER_NONNULL = YES;
				CLANG_ANALYZER_NUMBER_OBJECT_CONVERSION = YES_AGGRESSIVE;
				CLANG_CXX_LANGUAGE_STANDARD = "gnu++17";
				CLANG_ENABLE_MODULES = YES;
				CLANG_ENABLE_OBJC_ARC = YES;
				CLANG_ENABLE_OBJC_WEAK = YES;
				CLANG_WARN_BLOCK_CAPTURE_AUTORELEASING = YES;
				CLANG_WARN_BOOL_CONVERSION = YES;
				CLANG_WARN_COMMA = YES;
				CLANG_WARN_CONSTANT_CONVERSION = YES;
				CLANG_WARN_DEPRECATED_OBJC_IMPLEMENTATIONS = YES;
				CLANG_WARN_DIRECT_OBJC_ISA_USAGE = YES_ERROR;
				CLANG_WARN_DOCUMENTATION_COMMENTS = YES;
				CLANG_WARN_EMPTY_BODY = YES;
				CLANG_WARN_ENUM_CONVERSION = YES;
				CLANG_WARN_INFINITE_RECURSION = YES;
				CLANG_WARN_INT_CONVERSION = YES;
				CLANG_WARN_NON_LITERAL_NULL_CONVERSION = YES;
				CLANG_WARN_OBJC_IMPLICIT_RETAIN_SELF = YES;
				CLANG_WARN_OBJC_LITERAL_CONVERSION = YES;
				CLANG_WARN_OBJC_ROOT_CLASS = YES_ERROR;
				CLANG_WARN_QUOTED_INCLUDE_IN_FRAMEWORK_HEADER = YES;
				CLANG_WARN_RANGE_LOOP_ANALYSIS = YES;
				CLANG_WARN_STRICT_PROTOTYPES = YES;
				CLANG_WARN_SUSPICIOUS_MOVE = YES;
				CLANG_WARN_UNGUARDED_AVAILABILITY = YES_AGGRESSIVE;
				CLANG_WARN_UNREACHABLE_CODE = YES;
				CLANG_WARN__DUPLICATE_METHOD_MATCH = YES;
				COPY_PHASE_STRIP = NO;
				DEBUG_INFORMATION_FORMAT = dwarf;
				ENABLE_STRICT_OBJC_MSGSEND = YES;
				ENABLE_TESTABILITY = YES;
				GCC_C_LANGUAGE_STANDARD = gnu11;
				GCC_DYNAMIC_NO_PIC = NO;
				GCC_NO_COMMON_BLOCKS = YES;
				GCC_OPTIMIZATION_LEVEL = 0;
				GCC_PREPROCESSOR_DEFINITIONS = (
					"DEBUG=1",
					"$(inherited)",
				);
				GCC_WARN_64_TO_32_BIT_CONVERSION = YES;
				GCC_WARN_ABOUT_RETURN_TYPE = YES_ERROR;
				GCC_WARN_UNDECLARED_SELECTOR = YES;
				GCC_WARN_UNINITIALIZED_AUTOS = YES_AGGRESSIVE;
				GCC_WARN_UNUSED_FUNCTION = YES;
				GCC_WARN_UNUSED_VARIABLE = YES;
				IPHONEOS_DEPLOYMENT_TARGET = 15.4;
				MTL_ENABLE_DEBUG_INFO = INCLUDE_SOURCE;
				MTL_FAST_MATH = YES;
				ONLY_ACTIVE_ARCH = YES;
				SDKROOT = iphoneos;
				SWIFT_ACTIVE_COMPILATION_CONDITIONS = DEBUG;
				SWIFT_OPTIMIZATION_LEVEL = "-Onone";
			};
			name = Debug;
		};
		D05F3696286BDBC90048861C /* Release */ = {
			isa = XCBuildConfiguration;
			buildSettings = {
				ALWAYS_SEARCH_USER_PATHS = NO;
				CLANG_ANALYZER_NONNULL = YES;
				CLANG_ANALYZER_NUMBER_OBJECT_CONVERSION = YES_AGGRESSIVE;
				CLANG_CXX_LANGUAGE_STANDARD = "gnu++17";
				CLANG_ENABLE_MODULES = YES;
				CLANG_ENABLE_OBJC_ARC = YES;
				CLANG_ENABLE_OBJC_WEAK = YES;
				CLANG_WARN_BLOCK_CAPTURE_AUTORELEASING = YES;
				CLANG_WARN_BOOL_CONVERSION = YES;
				CLANG_WARN_COMMA = YES;
				CLANG_WARN_CONSTANT_CONVERSION = YES;
				CLANG_WARN_DEPRECATED_OBJC_IMPLEMENTATIONS = YES;
				CLANG_WARN_DIRECT_OBJC_ISA_USAGE = YES_ERROR;
				CLANG_WARN_DOCUMENTATION_COMMENTS = YES;
				CLANG_WARN_EMPTY_BODY = YES;
				CLANG_WARN_ENUM_CONVERSION = YES;
				CLANG_WARN_INFINITE_RECURSION = YES;
				CLANG_WARN_INT_CONVERSION = YES;
				CLANG_WARN_NON_LITERAL_NULL_CONVERSION = YES;
				CLANG_WARN_OBJC_IMPLICIT_RETAIN_SELF = YES;
				CLANG_WARN_OBJC_LITERAL_CONVERSION = YES;
				CLANG_WARN_OBJC_ROOT_CLASS = YES_ERROR;
				CLANG_WARN_QUOTED_INCLUDE_IN_FRAMEWORK_HEADER = YES;
				CLANG_WARN_RANGE_LOOP_ANALYSIS = YES;
				CLANG_WARN_STRICT_PROTOTYPES = YES;
				CLANG_WARN_SUSPICIOUS_MOVE = YES;
				CLANG_WARN_UNGUARDED_AVAILABILITY = YES_AGGRESSIVE;
				CLANG_WARN_UNREACHABLE_CODE = YES;
				CLANG_WARN__DUPLICATE_METHOD_MATCH = YES;
				COPY_PHASE_STRIP = NO;
				DEBUG_INFORMATION_FORMAT = "dwarf-with-dsym";
				ENABLE_NS_ASSERTIONS = NO;
				ENABLE_STRICT_OBJC_MSGSEND = YES;
				GCC_C_LANGUAGE_STANDARD = gnu11;
				GCC_NO_COMMON_BLOCKS = YES;
				GCC_WARN_64_TO_32_BIT_CONVERSION = YES;
				GCC_WARN_ABOUT_RETURN_TYPE = YES_ERROR;
				GCC_WARN_UNDECLARED_SELECTOR = YES;
				GCC_WARN_UNINITIALIZED_AUTOS = YES_AGGRESSIVE;
				GCC_WARN_UNUSED_FUNCTION = YES;
				GCC_WARN_UNUSED_VARIABLE = YES;
				IPHONEOS_DEPLOYMENT_TARGET = 15.4;
				MTL_ENABLE_DEBUG_INFO = NO;
				MTL_FAST_MATH = YES;
				SDKROOT = iphoneos;
				SWIFT_COMPILATION_MODE = wholemodule;
				SWIFT_OPTIMIZATION_LEVEL = "-O";
				VALIDATE_PRODUCT = YES;
			};
			name = Release;
		};
		D05F3698286BDBC90048861C /* Debug */ = {
			isa = XCBuildConfiguration;
			buildSettings = {
				ASSETCATALOG_COMPILER_APPICON_NAME = AppIcon;
				ASSETCATALOG_COMPILER_GLOBAL_ACCENT_COLOR_NAME = AccentColor;
				CODE_SIGN_STYLE = Automatic;
				CURRENT_PROJECT_VERSION = 1;
				DEVELOPMENT_TEAM = S7297N2DPU;
				GENERATE_INFOPLIST_FILE = YES;
				INFOPLIST_FILE = TriviaGameApp/Info.plist;
				INFOPLIST_KEY_UIApplicationSupportsIndirectInputEvents = YES;
				INFOPLIST_KEY_UILaunchStoryboardName = LaunchScreen;
				INFOPLIST_KEY_UIMainStoryboardFile = Main;
				INFOPLIST_KEY_UISupportedInterfaceOrientations_iPad = "UIInterfaceOrientationPortrait UIInterfaceOrientationPortraitUpsideDown UIInterfaceOrientationLandscapeLeft UIInterfaceOrientationLandscapeRight";
				INFOPLIST_KEY_UISupportedInterfaceOrientations_iPhone = "UIInterfaceOrientationPortrait UIInterfaceOrientationLandscapeLeft UIInterfaceOrientationLandscapeRight";
				LD_RUNPATH_SEARCH_PATHS = (
					"$(inherited)",
					"@executable_path/Frameworks",
				);
				MARKETING_VERSION = 1.0;
				PRODUCT_BUNDLE_IDENTIFIER = com.alexis.TriviaGameApp;
				PRODUCT_NAME = "$(TARGET_NAME)";
				SWIFT_EMIT_LOC_STRINGS = YES;
				SWIFT_VERSION = 5.0;
				TARGETED_DEVICE_FAMILY = "1,2";
			};
			name = Debug;
		};
		D05F3699286BDBC90048861C /* Release */ = {
			isa = XCBuildConfiguration;
			buildSettings = {
				ASSETCATALOG_COMPILER_APPICON_NAME = AppIcon;
				ASSETCATALOG_COMPILER_GLOBAL_ACCENT_COLOR_NAME = AccentColor;
				CODE_SIGN_STYLE = Automatic;
				CURRENT_PROJECT_VERSION = 1;
				DEVELOPMENT_TEAM = S7297N2DPU;
				GENERATE_INFOPLIST_FILE = YES;
				INFOPLIST_FILE = TriviaGameApp/Info.plist;
				INFOPLIST_KEY_UIApplicationSupportsIndirectInputEvents = YES;
				INFOPLIST_KEY_UILaunchStoryboardName = LaunchScreen;
				INFOPLIST_KEY_UIMainStoryboardFile = Main;
				INFOPLIST_KEY_UISupportedInterfaceOrientations_iPad = "UIInterfaceOrientationPortrait UIInterfaceOrientationPortraitUpsideDown UIInterfaceOrientationLandscapeLeft UIInterfaceOrientationLandscapeRight";
				INFOPLIST_KEY_UISupportedInterfaceOrientations_iPhone = "UIInterfaceOrientationPortrait UIInterfaceOrientationLandscapeLeft UIInterfaceOrientationLandscapeRight";
				LD_RUNPATH_SEARCH_PATHS = (
					"$(inherited)",
					"@executable_path/Frameworks",
				);
				MARKETING_VERSION = 1.0;
				PRODUCT_BUNDLE_IDENTIFIER = com.alexis.TriviaGameApp;
				PRODUCT_NAME = "$(TARGET_NAME)";
				SWIFT_EMIT_LOC_STRINGS = YES;
				SWIFT_VERSION = 5.0;
				TARGETED_DEVICE_FAMILY = "1,2";
			};
			name = Release;
		};
		D05F369B286BDBC90048861C /* Debug */ = {
			isa = XCBuildConfiguration;
			buildSettings = {
				ALWAYS_EMBED_SWIFT_STANDARD_LIBRARIES = YES;
				BUNDLE_LOADER = "$(TEST_HOST)";
				CODE_SIGN_STYLE = Automatic;
				CURRENT_PROJECT_VERSION = 1;
				DEVELOPMENT_TEAM = S7297N2DPU;
				GENERATE_INFOPLIST_FILE = YES;
				IPHONEOS_DEPLOYMENT_TARGET = 15.4;
				MARKETING_VERSION = 1.0;
				PRODUCT_BUNDLE_IDENTIFIER = com.alexis.TriviaGameAppTests;
				PRODUCT_NAME = "$(TARGET_NAME)";
				SWIFT_EMIT_LOC_STRINGS = NO;
				SWIFT_VERSION = 5.0;
				TARGETED_DEVICE_FAMILY = "1,2";
				TEST_HOST = "$(BUILT_PRODUCTS_DIR)/TriviaGameApp.app/TriviaGameApp";
			};
			name = Debug;
		};
		D05F369C286BDBC90048861C /* Release */ = {
			isa = XCBuildConfiguration;
			buildSettings = {
				ALWAYS_EMBED_SWIFT_STANDARD_LIBRARIES = YES;
				BUNDLE_LOADER = "$(TEST_HOST)";
				CODE_SIGN_STYLE = Automatic;
				CURRENT_PROJECT_VERSION = 1;
				DEVELOPMENT_TEAM = S7297N2DPU;
				GENERATE_INFOPLIST_FILE = YES;
				IPHONEOS_DEPLOYMENT_TARGET = 15.4;
				MARKETING_VERSION = 1.0;
				PRODUCT_BUNDLE_IDENTIFIER = com.alexis.TriviaGameAppTests;
				PRODUCT_NAME = "$(TARGET_NAME)";
				SWIFT_EMIT_LOC_STRINGS = NO;
				SWIFT_VERSION = 5.0;
				TARGETED_DEVICE_FAMILY = "1,2";
				TEST_HOST = "$(BUILT_PRODUCTS_DIR)/TriviaGameApp.app/TriviaGameApp";
			};
			name = Release;
		};
		D05F369E286BDBC90048861C /* Debug */ = {
			isa = XCBuildConfiguration;
			buildSettings = {
				ALWAYS_EMBED_SWIFT_STANDARD_LIBRARIES = YES;
				CODE_SIGN_STYLE = Automatic;
				CURRENT_PROJECT_VERSION = 1;
				DEVELOPMENT_TEAM = S7297N2DPU;
				GENERATE_INFOPLIST_FILE = YES;
				MARKETING_VERSION = 1.0;
				PRODUCT_BUNDLE_IDENTIFIER = com.alexis.TriviaGameAppUITests;
				PRODUCT_NAME = "$(TARGET_NAME)";
				SWIFT_EMIT_LOC_STRINGS = NO;
				SWIFT_VERSION = 5.0;
				TARGETED_DEVICE_FAMILY = "1,2";
				TEST_TARGET_NAME = TriviaGameApp;
			};
			name = Debug;
		};
		D05F369F286BDBC90048861C /* Release */ = {
			isa = XCBuildConfiguration;
			buildSettings = {
				ALWAYS_EMBED_SWIFT_STANDARD_LIBRARIES = YES;
				CODE_SIGN_STYLE = Automatic;
				CURRENT_PROJECT_VERSION = 1;
				DEVELOPMENT_TEAM = S7297N2DPU;
				GENERATE_INFOPLIST_FILE = YES;
				MARKETING_VERSION = 1.0;
				PRODUCT_BUNDLE_IDENTIFIER = com.alexis.TriviaGameAppUITests;
				PRODUCT_NAME = "$(TARGET_NAME)";
				SWIFT_EMIT_LOC_STRINGS = NO;
				SWIFT_VERSION = 5.0;
				TARGETED_DEVICE_FAMILY = "1,2";
				TEST_TARGET_NAME = TriviaGameApp;
			};
			name = Release;
		};
/* End XCBuildConfiguration section */

/* Begin XCConfigurationList section */
		D05F3668286BDBC80048861C /* Build configuration list for PBXProject "TriviaGameApp" */ = {
			isa = XCConfigurationList;
			buildConfigurations = (
				D05F3695286BDBC90048861C /* Debug */,
				D05F3696286BDBC90048861C /* Release */,
			);
			defaultConfigurationIsVisible = 0;
			defaultConfigurationName = Release;
		};
		D05F3697286BDBC90048861C /* Build configuration list for PBXNativeTarget "TriviaGameApp" */ = {
			isa = XCConfigurationList;
			buildConfigurations = (
				D05F3698286BDBC90048861C /* Debug */,
				D05F3699286BDBC90048861C /* Release */,
			);
			defaultConfigurationIsVisible = 0;
			defaultConfigurationName = Release;
		};
		D05F369A286BDBC90048861C /* Build configuration list for PBXNativeTarget "TriviaGameAppTests" */ = {
			isa = XCConfigurationList;
			buildConfigurations = (
				D05F369B286BDBC90048861C /* Debug */,
				D05F369C286BDBC90048861C /* Release */,
			);
			defaultConfigurationIsVisible = 0;
			defaultConfigurationName = Release;
		};
		D05F369D286BDBC90048861C /* Build configuration list for PBXNativeTarget "TriviaGameAppUITests" */ = {
			isa = XCConfigurationList;
			buildConfigurations = (
				D05F369E286BDBC90048861C /* Debug */,
				D05F369F286BDBC90048861C /* Release */,
			);
			defaultConfigurationIsVisible = 0;
			defaultConfigurationName = Release;
		};
/* End XCConfigurationList section */
	};
	rootObject = D05F3665286BDBC80048861C /* Project object */;
}
